#
# This file is autogenerated by pip-compile with Python 3.10
# by the following command:
#
#    pip-compile --output-file=/project/6013424/rahit/modspy-data/src/requirements.lock /project/6013424/rahit/modspy-data/src/requirements.txt
#
--find-links /cvmfs/soft.computecanada.ca/custom/python/wheelhouse/gentoo2020/avx2
--find-links /cvmfs/soft.computecanada.ca/custom/python/wheelhouse/gentoo/avx2
--find-links /cvmfs/soft.computecanada.ca/custom/python/wheelhouse/gentoo2020/generic
--find-links /cvmfs/soft.computecanada.ca/custom/python/wheelhouse/gentoo/generic
--find-links /cvmfs/soft.computecanada.ca/custom/python/wheelhouse/generic
--only-binary cython
--only-binary grpcio
--only-binary h5py
--only-binary mpi4py
--only-binary numpy
--only-binary pandas
--only-binary scipy

aiofiles==22.1.0
    # via ypy-websocket
aiohttp==3.8.4+computecanada
    # via fsspec
aiosignal==1.3.1+computecanada
    # via aiohttp
aiosqlite==0.19.0
    # via ypy-websocket
antlr4-python3-runtime==4.9.3+computecanada
    # via omegaconf
anyconfig==0.13.0
    # via kedro
anyio==4.0.0
    # via jupyter-server
argon2-cffi==23.1.0+computecanada
    # via
    #   jupyter-server
    #   nbclassic
    #   notebook
argon2-cffi-bindings==21.2.0+computecanada
    # via argon2-cffi
arrow==1.2.3+computecanada
    # via
    #   cookiecutter
    #   isoduration
asttokens==2.4.0
    # via stack-data
async-timeout==4.0.3+computecanada
    # via aiohttp
attrs==23.1.0+computecanada
    # via
    #   aiohttp
    #   jsonschema
    #   kedro
    #   referencing
babel==2.12.1+computecanada
    # via jupyterlab-server
backcall==0.2.0+computecanada
    # via ipython
beautifulsoup4==4.12.2+computecanada
    # via nbconvert
binaryornot==0.4.4+computecanada
    # via cookiecutter
black==22.12.0
    # via -r /project/6013424/rahit/modspy-data/src/requirements.txt
bleach==6.0.0+computecanada
    # via nbconvert
bokeh==3.2.2
    # via dask
build==1.0.3
    # via
    #   kedro
    #   pip-tools
cachetools==5.3.1+computecanada
    # via kedro
certifi==2023.7.22+computecanada
    # via requests
cffi==1.15.1+computecanada
    # via argon2-cffi-bindings
chardet==5.2.0+computecanada
    # via
    #   binaryornot
    #   pronto
charset-normalizer==3.2.0+computecanada
    # via
    #   aiohttp
    #   requests
click==8.1.7+computecanada
    # via
    #   black
    #   cookiecutter
    #   dask
    #   distributed
    #   kedro
    #   pip-tools
cloudpickle==2.2.1+computecanada
    # via
    #   dask
    #   distributed
comm==0.1.4+computecanada
    # via
    #   ipykernel
    #   ipywidgets
contourpy==1.1.0+computecanada
    # via bokeh
cookiecutter==2.3.0
    # via kedro
coverage[toml]==7.2.0+computecanada
    # via pytest-cov
dask[array,complete,dataframe,diagnostics,distributed]==2023.9.1
    # via
    #   -r /project/6013424/rahit/modspy-data/src/requirements.txt
    #   distributed
debugpy==1.8.0
    # via ipykernel
decorator==5.1.1+computecanada
    # via ipython
defusedxml==0.7.1+computecanada
    # via nbconvert
distributed==2023.9.1
    # via dask
dynaconf==3.2.3
    # via kedro
entrypoints==0.4+computecanada
    # via jupyter-client
et-xmlfile==1.1.0+computecanada
    # via openpyxl
exceptiongroup==1.1.3+computecanada
    # via
    #   anyio
    #   ipython
    #   pytest
executing==1.2.0+computecanada
    # via stack-data
fastjsonschema==2.18.0+computecanada
    # via nbformat
fastobo==0.12.2
    # via pronto
flake8==3.9.2
    # via -r /project/6013424/rahit/modspy-data/src/requirements.txt
fqdn==1.5.1+computecanada
    # via jsonschema
frozenlist==1.3.3+computecanada
    # via
    #   aiohttp
    #   aiosignal
fsspec[http]==2023.9.0+computecanada
    # via
    #   dask
    #   kedro
    #   nxontology
gitdb==4.0.10+computecanada
    # via gitpython
gitpython==3.1.36
    # via kedro
idna==3.4+computecanada
    # via
    #   anyio
    #   jsonschema
    #   requests
    #   yarl
importlib-metadata==6.8.0+computecanada
    # via
    #   dask
    #   kedro
importlib-resources==6.0.1+computecanada
    # via kedro
iniconfig==2.0.0+computecanada
    # via pytest
ipykernel==6.25.2
    # via
    #   jupyter
    #   jupyter-console
    #   nbclassic
    #   notebook
    #   qtconsole
ipython==8.15.0+computecanada ; python_version >= "3.8"
    # via
    #   -r /project/6013424/rahit/modspy-data/src/requirements.txt
    #   ipykernel
    #   ipywidgets
    #   jupyter-console
    #   jupyterlab
ipython-genutils==0.2.0+computecanada
    # via
    #   nbclassic
    #   notebook
    #   qtconsole
ipywidgets==8.1.1
    # via jupyter
isoduration==20.11.0+computecanada
    # via jsonschema
isort==5.12.0
    # via -r /project/6013424/rahit/modspy-data/src/requirements.txt
jedi==0.19.0+computecanada
    # via ipython
jinja2==3.1.2+computecanada
    # via
    #   bokeh
    #   cookiecutter
    #   dask
    #   distributed
    #   jupyter-server
    #   jupyterlab
    #   jupyterlab-server
    #   nbclassic
    #   nbconvert
    #   notebook
jmespath==1.0.1+computecanada
    # via kedro
json5==0.9.14+computecanada
    # via jupyterlab-server
jsonpointer==2.4
    # via jsonschema
jsonschema[format-nongpl]==4.19.0+computecanada
    # via
    #   jupyter-events
    #   jupyterlab-server
    #   nbformat
jsonschema-specifications==2023.7.1+computecanada
    # via jsonschema
jupyter==1.0.0+computecanada
    # via -r /project/6013424/rahit/modspy-data/src/requirements.txt
jupyter-client==7.4.9
    # via
    #   ipykernel
    #   jupyter-console
    #   jupyter-server
    #   nbclassic
    #   nbclient
    #   notebook
    #   qtconsole
jupyter-console==6.6.3
    # via jupyter
jupyter-core==5.3.1+computecanada
    # via
    #   ipykernel
    #   jupyter-client
    #   jupyter-console
    #   jupyter-server
    #   jupyterlab
    #   nbclassic
    #   nbclient
    #   nbconvert
    #   nbformat
    #   notebook
    #   qtconsole
jupyter-events==0.7.0
    # via
    #   jupyter-server
    #   jupyter-server-fileid
jupyter-server==2.7.3
    # via
    #   jupyter-server-fileid
    #   jupyterlab
    #   jupyterlab-server
    #   nbclassic
    #   notebook-shim
jupyter-server-fileid==0.9.0
    # via jupyter-server-ydoc
jupyter-server-terminals==0.4.4+computecanada
    # via jupyter-server
jupyter-server-ydoc==0.8.0
    # via jupyterlab
jupyter-ydoc==0.2.5
    # via
    #   jupyter-server-ydoc
    #   jupyterlab
jupyterlab==3.6.5
    # via -r /project/6013424/rahit/modspy-data/src/requirements.txt
jupyterlab-pygments==0.2.2+computecanada
    # via nbconvert
jupyterlab-server==2.25.0
    # via jupyterlab
jupyterlab-widgets==3.0.9
    # via ipywidgets
kedro==0.18.13
    # via
    #   -r /project/6013424/rahit/modspy-data/src/requirements.txt
    #   kedro-telemetry
kedro-telemetry==0.2.5
    # via -r /project/6013424/rahit/modspy-data/src/requirements.txt
locket==1.0.0+computecanada
    # via
    #   distributed
    #   partd
loguru==0.7.2
    # via -r /project/6013424/rahit/modspy-data/src/requirements.txt
lz4==4.3.2+computecanada
    # via dask
markdown-it-py==3.0.0+computecanada
    # via rich
markupsafe==2.1.3+computecanada
    # via
    #   jinja2
    #   nbconvert
matplotlib-inline==0.1.6+computecanada
    # via
    #   ipykernel
    #   ipython
mccabe==0.6.1+computecanada
    # via flake8
mdurl==0.1.2+computecanada
    # via markdown-it-py
mistune==3.0.1+computecanada
    # via nbconvert
more-itertools==10.1.0+computecanada
    # via kedro
msgpack==1.0.4+computecanada
    # via distributed
multidict==6.0.4+computecanada
    # via
    #   aiohttp
    #   yarl
mypy-extensions==1.0.0+computecanada
    # via black
nbclassic==1.0.0
    # via
    #   jupyterlab
    #   notebook
nbclient==0.8.0+computecanada
    # via nbconvert
nbconvert==7.8.0
    # via
    #   jupyter
    #   jupyter-server
    #   nbclassic
    #   notebook
nbformat==5.9.2+computecanada
    # via
    #   jupyter-server
    #   nbclassic
    #   nbclient
    #   nbconvert
    #   nbstripout
    #   notebook
nbstripout==0.6.1
    # via -r /project/6013424/rahit/modspy-data/src/requirements.txt
nest-asyncio==1.5.7+computecanada
    # via
    #   ipykernel
    #   jupyter-client
    #   nbclassic
    #   notebook
networkx==3.1+computecanada
    # via
    #   -r /project/6013424/rahit/modspy-data/src/requirements.txt
    #   nxontology
    #   pronto
notebook==6.5.5
    # via
    #   jupyter
    #   jupyterlab
notebook-shim==0.2.3
    # via nbclassic
numpy==1.25.2+computecanada
    # via
    #   -r /project/6013424/rahit/modspy-data/src/requirements.txt
    #   bokeh
    #   contourpy
    #   dask
    #   pandas
    #   pyarrow
    #   xarray
nxontology==0.5.0
    # via -r /project/6013424/rahit/modspy-data/src/requirements.txt
omegaconf==2.3.0+computecanada
    # via kedro
openpyxl==3.1.2+computecanada
    # via -r /project/6013424/rahit/modspy-data/src/requirements.txt
overrides==7.4.0
    # via jupyter-server
packaging==23.1+computecanada
    # via
    #   bokeh
    #   build
    #   dask
    #   distributed
    #   ipykernel
    #   jupyter-server
    #   jupyterlab
    #   jupyterlab-server
    #   nbconvert
    #   pytest
    #   pytoolconfig
    #   qtconsole
    #   qtpy
    #   xarray
pandas==2.1.0+computecanada
    # via
    #   -r /project/6013424/rahit/modspy-data/src/requirements.txt
    #   bokeh
    #   dask
    #   xarray
pandocfilters==1.5.0+computecanada
    # via nbconvert
parse==1.19.1
    # via kedro
parso==0.8.3+computecanada
    # via jedi
partd==1.4.0+computecanada
    # via dask
pathspec==0.11.2
    # via black
pexpect==4.8.0+computecanada
    # via ipython
pickleshare==0.7.5+computecanada
    # via ipython
pillow==10.0.0+computecanada
    # via bokeh
pip-tools==7.3.0
    # via kedro
platformdirs==3.10.0+computecanada
    # via
    #   black
    #   jupyter-core
    #   pytoolconfig
pluggy==1.2.0+computecanada
    # via
    #   kedro
    #   pytest
prometheus-client==0.17.1+computecanada
    # via
    #   jupyter-server
    #   nbclassic
    #   notebook
prompt-toolkit==3.0.39+computecanada
    # via
    #   ipython
    #   jupyter-console
pronto==2.5.5
    # via
    #   -r /project/6013424/rahit/modspy-data/src/requirements.txt
    #   nxontology
psutil==5.9.5+computecanada
    # via
    #   distributed
    #   ipykernel
ptyprocess==0.7.0+computecanada
    # via
    #   pexpect
    #   terminado
pure-eval==0.2.2+computecanada
    # via stack-data
pyarrow==11.0.0
    # via
    #   -r /project/6013424/rahit/modspy-data/src/requirements.txt
    #   dask
pycodestyle==2.7.0
    # via flake8
pycparser==2.21+computecanada
    # via cffi
pyflakes==2.3.1
    # via flake8
pygments==2.16.1+computecanada
    # via
    #   ipython
    #   jupyter-console
    #   nbconvert
    #   qtconsole
    #   rich
pyproject-hooks==1.0.0+computecanada
    # via build
pytest==7.4.2
    # via
    #   -r /project/6013424/rahit/modspy-data/src/requirements.txt
    #   pytest-cov
    #   pytest-mock
pytest-cov==3.0.0
    # via -r /project/6013424/rahit/modspy-data/src/requirements.txt
pytest-mock==1.13.0
    # via -r /project/6013424/rahit/modspy-data/src/requirements.txt
python-dateutil==2.8.2+computecanada
    # via
    #   arrow
    #   jupyter-client
    #   pandas
    #   pronto
python-json-logger==2.0.7+computecanada
    # via jupyter-events
python-slugify==8.0.1+computecanada
    # via cookiecutter
pytoolconfig[global]==1.2.5
    # via rope
pytz==2023.3.post1+computecanada
    # via pandas
pyyaml==6.0.1+computecanada
    # via
    #   bokeh
    #   cookiecutter
    #   dask
    #   distributed
    #   jupyter-events
    #   kedro
    #   omegaconf
pyzmq==24.0.1+computecanada
    # via
    #   ipykernel
    #   jupyter-client
    #   jupyter-console
    #   jupyter-server
    #   nbclassic
    #   notebook
    #   qtconsole
qtconsole==5.4.4
    # via jupyter
qtpy==2.4.0
    # via qtconsole
referencing==0.30.2+computecanada
    # via
    #   jsonschema
    #   jsonschema-specifications
    #   jupyter-events
requests==2.31.0+computecanada
    # via
    #   cookiecutter
    #   fsspec
    #   jupyterlab-server
    #   kedro-telemetry
rfc3339-validator==0.1.4+computecanada
    # via
    #   jsonschema
    #   jupyter-events
rfc3986-validator==0.1.1+computecanada
    # via
    #   jsonschema
    #   jupyter-events
rich==13.5.2+computecanada
    # via
    #   cookiecutter
    #   kedro
rope==1.9.0
    # via kedro
rpds-py==0.10.0+computecanada
    # via
    #   jsonschema
    #   referencing
send2trash==1.8.2+computecanada
    # via
    #   jupyter-server
    #   nbclassic
    #   notebook
six==1.16.0+computecanada
    # via
    #   asttokens
    #   bleach
    #   python-dateutil
    #   rfc3339-validator
smmap==5.0.0+computecanada
    # via gitdb
sniffio==1.3.0+computecanada
    # via anyio
sortedcontainers==2.4.0+computecanada
    # via distributed
soupsieve==2.5
    # via beautifulsoup4
stack-data==0.6.2+computecanada
    # via ipython
tblib==2.0.0
    # via distributed
terminado==0.17.1+computecanada
    # via
    #   jupyter-server
    #   jupyter-server-terminals
    #   nbclassic
    #   notebook
text-unidecode==1.3+computecanada
    # via python-slugify
tinycss2==1.2.1+computecanada
    # via nbconvert
toml==0.10.2+computecanada
    # via kedro
tomli==2.0.1+computecanada
    # via
    #   black
    #   build
    #   coverage
    #   jupyterlab
    #   pip-tools
    #   pyproject-hooks
    #   pytest
    #   pytoolconfig
toolz==0.12.0+computecanada
    # via
    #   dask
    #   distributed
    #   partd
toposort==1.10+computecanada
    # via kedro
tornado==6.3.3+computecanada
    # via
    #   bokeh
    #   distributed
    #   ipykernel
    #   jupyter-client
    #   jupyter-server
    #   jupyterlab
    #   nbclassic
    #   notebook
    #   terminado
tqdm==4.66.1+computecanada
    # via -r /project/6013424/rahit/modspy-data/src/requirements.txt
traitlets==5.10.0
    # via
    #   comm
    #   ipykernel
    #   ipython
    #   ipywidgets
    #   jupyter-client
    #   jupyter-console
    #   jupyter-core
    #   jupyter-events
    #   jupyter-server
    #   matplotlib-inline
    #   nbclassic
    #   nbclient
    #   nbconvert
    #   nbformat
    #   notebook
    #   qtconsole
tzdata==2023.3+computecanada
    # via pandas
uri-template==1.3.0
    # via jsonschema
urllib3==2.0.4+computecanada
    # via
    #   distributed
    #   requests
wcwidth==0.2.6+computecanada
    # via prompt-toolkit
webcolors==1.13+computecanada
    # via jsonschema
webencodings==0.5.1+computecanada
    # via
    #   bleach
    #   tinycss2
websocket-client==1.6.3
    # via jupyter-server
wheel==0.41.2+computecanada
    # via pip-tools
widgetsnbextension==4.0.9
    # via ipywidgets
xarray==2023.1.0
    # via -r /project/6013424/rahit/modspy-data/src/requirements.txt
xyzservices==2023.7.0
    # via bokeh
y-py==0.6.0+computecanada
    # via
    #   jupyter-ydoc
    #   ypy-websocket
yarl==1.8.2+computecanada
    # via aiohttp
ypy-websocket==0.8.4
    # via jupyter-server-ydoc
zict==3.0.0
    # via distributed
zipp==3.16.2+computecanada
    # via importlib-metadata

# The following packages are considered to be unsafe in a requirements file:
# pip
# setuptools
